
Microsoft Visual Studio Solution File, Format Version 12.00
# Visual Studio Version 17
VisualStudioVersion = 17.6.33829.357
MinimumVisualStudioVersion = 10.0.40219.1
Project("{FAE04EC0-301F-11D3-BF4B-00C04F79EFBC}") = "Atribuição", "Atribuição.csproj", "{D3706852-FA54-4510-A426-46E7E17186FF}"
EndProject
Global
	GlobalSection(SolutionConfigurationPlatforms) = preSolution
		Debug|Any CPU = Debug|Any CPU
		Release|Any CPU = Release|Any CPU
	EndGlobalSection
	GlobalSection(ProjectConfigurationPlatforms) = postSolution
		{D3706852-FA54-4510-A426-46E7E17186FF}.Debug|Any CPU.ActiveCfg = Debug|Any CPU
		{D3706852-FA54-4510-A426-46E7E17186FF}.Debug|Any CPU.Build.0 = Debug|Any CPU
		{D3706852-FA54-4510-A426-46E7E17186FF}.Release|Any CPU.ActiveCfg = Release|Any CPU
		{D3706852-FA54-4510-A426-46E7E17186FF}.Release|Any CPU.Build.0 = Release|Any CPU
	EndGlobalSection
	GlobalSection(SolutionProperties) = preSolution
		HideSolutionNode = FALSE
	EndGlobalSection
	GlobalSection(ExtensibilityGlobals) = postSolution
		SolutionGuid = {C92A2393-8922-4A01-A60B-E153532B9BA3}
	EndGlobalSection
EndGlobal
