
Microsoft Visual Studio Solution File, Format Version 12.00
# Visual Studio Version 17
VisualStudioVersion = 17.6.33829.357
MinimumVisualStudioVersion = 10.0.40219.1
Project("{9A19103F-16F7-4668-BE54-9A1E7A4F7556}") = "Aula 2 C# - Calculadora", "Aula 2 C# - Calculadora.csproj", "{B9C4EFE6-3C18-4773-857B-834C186BD7B6}"
EndProject
Project("{FAE04EC0-301F-11D3-BF4B-00C04F79EFBC}") = "AbonoSalarialEx1", "..\AbonoSalarialEx1\AbonoSalarialEx1.csproj", "{8D1F928C-D076-4BCC-9C00-BBF41557F757}"
EndProject
Project("{FAE04EC0-301F-11D3-BF4B-00C04F79EFBC}") = "MediaNotas", "..\MediaNotas\MediaNotas.csproj", "{84A92BCD-7FA5-4895-B9CB-8C8F7C5DCBAA}"
EndProject
Project("{FAE04EC0-301F-11D3-BF4B-00C04F79EFBC}") = "Ex3SALARIO", "..\Ex3SALARIO\Ex3SALARIO.csproj", "{FB25B8C7-E7A1-42F9-926A-AAB05EBFA7DE}"
EndProject
Project("{FAE04EC0-301F-11D3-BF4B-00C04F79EFBC}") = "ex04", "..\ex04\ex04.csproj", "{8073E46D-E172-479D-9FB1-F81701AF9F5C}"
EndProject
Global
	GlobalSection(SolutionConfigurationPlatforms) = preSolution
		Debug|Any CPU = Debug|Any CPU
		Release|Any CPU = Release|Any CPU
	EndGlobalSection
	GlobalSection(ProjectConfigurationPlatforms) = postSolution
		{B9C4EFE6-3C18-4773-857B-834C186BD7B6}.Debug|Any CPU.ActiveCfg = Debug|Any CPU
		{B9C4EFE6-3C18-4773-857B-834C186BD7B6}.Debug|Any CPU.Build.0 = Debug|Any CPU
		{B9C4EFE6-3C18-4773-857B-834C186BD7B6}.Release|Any CPU.ActiveCfg = Release|Any CPU
		{B9C4EFE6-3C18-4773-857B-834C186BD7B6}.Release|Any CPU.Build.0 = Release|Any CPU
		{8D1F928C-D076-4BCC-9C00-BBF41557F757}.Debug|Any CPU.ActiveCfg = Debug|Any CPU
		{8D1F928C-D076-4BCC-9C00-BBF41557F757}.Debug|Any CPU.Build.0 = Debug|Any CPU
		{8D1F928C-D076-4BCC-9C00-BBF41557F757}.Release|Any CPU.ActiveCfg = Release|Any CPU
		{8D1F928C-D076-4BCC-9C00-BBF41557F757}.Release|Any CPU.Build.0 = Release|Any CPU
		{84A92BCD-7FA5-4895-B9CB-8C8F7C5DCBAA}.Debug|Any CPU.ActiveCfg = Debug|Any CPU
		{84A92BCD-7FA5-4895-B9CB-8C8F7C5DCBAA}.Debug|Any CPU.Build.0 = Debug|Any CPU
		{84A92BCD-7FA5-4895-B9CB-8C8F7C5DCBAA}.Release|Any CPU.ActiveCfg = Release|Any CPU
		{84A92BCD-7FA5-4895-B9CB-8C8F7C5DCBAA}.Release|Any CPU.Build.0 = Release|Any CPU
		{FB25B8C7-E7A1-42F9-926A-AAB05EBFA7DE}.Debug|Any CPU.ActiveCfg = Debug|Any CPU
		{FB25B8C7-E7A1-42F9-926A-AAB05EBFA7DE}.Debug|Any CPU.Build.0 = Debug|Any CPU
		{FB25B8C7-E7A1-42F9-926A-AAB05EBFA7DE}.Release|Any CPU.ActiveCfg = Release|Any CPU
		{FB25B8C7-E7A1-42F9-926A-AAB05EBFA7DE}.Release|Any CPU.Build.0 = Release|Any CPU
		{8073E46D-E172-479D-9FB1-F81701AF9F5C}.Debug|Any CPU.ActiveCfg = Debug|Any CPU
		{8073E46D-E172-479D-9FB1-F81701AF9F5C}.Debug|Any CPU.Build.0 = Debug|Any CPU
		{8073E46D-E172-479D-9FB1-F81701AF9F5C}.Release|Any CPU.ActiveCfg = Release|Any CPU
		{8073E46D-E172-479D-9FB1-F81701AF9F5C}.Release|Any CPU.Build.0 = Release|Any CPU
	EndGlobalSection
	GlobalSection(SolutionProperties) = preSolution
		HideSolutionNode = FALSE
	EndGlobalSection
	GlobalSection(ExtensibilityGlobals) = postSolution
		SolutionGuid = {F4BA7EC6-D70C-4D84-B157-87FC49D52095}
	EndGlobalSection
EndGlobal
