
Microsoft Visual Studio Solution File, Format Version 12.00
# Visual Studio Version 17
VisualStudioVersion = 17.6.33829.357
MinimumVisualStudioVersion = 10.0.40219.1
Project("{FAE04EC0-301F-11D3-BF4B-00C04F79EFBC}") = "PlanodeSaude", "PlanodeSaude.csproj", "{CD36EE32-D201-4057-B885-8FBAB284297B}"
EndProject
Global
	GlobalSection(SolutionConfigurationPlatforms) = preSolution
		Debug|Any CPU = Debug|Any CPU
		Release|Any CPU = Release|Any CPU
	EndGlobalSection
	GlobalSection(ProjectConfigurationPlatforms) = postSolution
		{CD36EE32-D201-4057-B885-8FBAB284297B}.Debug|Any CPU.ActiveCfg = Debug|Any CPU
		{CD36EE32-D201-4057-B885-8FBAB284297B}.Debug|Any CPU.Build.0 = Debug|Any CPU
		{CD36EE32-D201-4057-B885-8FBAB284297B}.Release|Any CPU.ActiveCfg = Release|Any CPU
		{CD36EE32-D201-4057-B885-8FBAB284297B}.Release|Any CPU.Build.0 = Release|Any CPU
	EndGlobalSection
	GlobalSection(SolutionProperties) = preSolution
		HideSolutionNode = FALSE
	EndGlobalSection
	GlobalSection(ExtensibilityGlobals) = postSolution
		SolutionGuid = {48A99806-958D-4433-90A1-5AC4B1BD5780}
	EndGlobalSection
EndGlobal
